// !$*UTF8*$!
{
	archiveVersion = 1;
	classes = {
	};
	objectVersion = 50;
	objects = {

/* Begin PBXBuildFile section */
		CBF6DB4121B8CE9B000D2138 /* AppDelegate.swift in Sources */ = {isa = PBXBuildFile; fileRef = CBF6DB4021B8CE9B000D2138 /* AppDelegate.swift */; };
		CBF6DB4321B8CE9B000D2138 /* ViewController.swift in Sources */ = {isa = PBXBuildFile; fileRef = CBF6DB4221B8CE9B000D2138 /* ViewController.swift */; };
		CBF6DB4621B8CE9B000D2138 /* Main.storyboard in Resources */ = {isa = PBXBuildFile; fileRef = CBF6DB4421B8CE9B000D2138 /* Main.storyboard */; };
		CBF6DB4921B8CE9B000D2138 /* CoreDataDM.xcdatamodeld in Sources */ = {isa = PBXBuildFile; fileRef = CBF6DB4721B8CE9B000D2138 /* CoreDataDM.xcdatamodeld */; };
		CBF6DB4B21B8CE9D000D2138 /* Assets.xcassets in Resources */ = {isa = PBXBuildFile; fileRef = CBF6DB4A21B8CE9D000D2138 /* Assets.xcassets */; };
		CBF6DB4E21B8CE9D000D2138 /* LaunchScreen.storyboard in Resources */ = {isa = PBXBuildFile; fileRef = CBF6DB4C21B8CE9D000D2138 /* LaunchScreen.storyboard */; };
/* End PBXBuildFile section */

/* Begin PBXFileReference section */
		CBF6DB3D21B8CE9B000D2138 /* CoreDataDM.app */ = {isa = PBXFileReference; explicitFileType = wrapper.application; includeInIndex = 0; path = CoreDataDM.app; sourceTree = BUILT_PRODUCTS_DIR; };
		CBF6DB4021B8CE9B000D2138 /* AppDelegate.swift */ = {isa = PBXFileReference; lastKnownFileType = sourcecode.swift; path = AppDelegate.swift; sourceTree = "<group>"; };
		CBF6DB4221B8CE9B000D2138 /* ViewController.swift */ = {isa = PBXFileReference; lastKnownFileType = sourcecode.swift; path = ViewController.swift; sourceTree = "<group>"; };
		CBF6DB4521B8CE9B000D2138 /* Base */ = {isa = PBXFileReference; lastKnownFileType = file.storyboard; name = Base; path = Base.lproj/Main.storyboard; sourceTree = "<group>"; };
		CBF6DB4821B8CE9B000D2138 /* CoreDataDM.xcdatamodel */ = {isa = PBXFileReference; lastKnownFileType = wrapper.xcdatamodel; path = CoreDataDM.xcdatamodel; sourceTree = "<group>"; };
		CBF6DB4A21B8CE9D000D2138 /* Assets.xcassets */ = {isa = PBXFileReference; lastKnownFileType = folder.assetcatalog; path = Assets.xcassets; sourceTree = "<group>"; };
		CBF6DB4D21B8CE9D000D2138 /* Base */ = {isa = PBXFileReference; lastKnownFileType = file.storyboard; name = Base; path = Base.lproj/LaunchScreen.storyboard; sourceTree = "<group>"; };
		CBF6DB4F21B8CE9D000D2138 /* Info.plist */ = {isa = PBXFileReference; lastKnownFileType = text.plist.xml; path = Info.plist; sourceTree = "<group>"; };
/* End PBXFileReference section */

/* Begin PBXFrameworksBuildPhase section */
		CBF6DB3A21B8CE9B000D2138 /* Frameworks */ = {
			isa = PBXFrameworksBuildPhase;
			buildActionMask = 2147483647;
			files = (
			);
			runOnlyForDeploymentPostprocessing = 0;
		};
/* End PBXFrameworksBuildPhase section */

/* Begin PBXGroup section */
		CBF6DB3421B8CE9B000D2138 = {
			isa = PBXGroup;
			children = (
				CBF6DB3F21B8CE9B000D2138 /* CoreDataDM */,
				CBF6DB3E21B8CE9B000D2138 /* Products */,
			);
			sourceTree = "<group>";
		};
		CBF6DB3E21B8CE9B000D2138 /* Products */ = {
			isa = PBXGroup;
			children = (
				CBF6DB3D21B8CE9B000D2138 /* CoreDataDM.app */,
			);
			name = Products;
			sourceTree = "<group>";
		};
		CBF6DB3F21B8CE9B000D2138 /* CoreDataDM */ = {
			isa = PBXGroup;
			children = (
				CBF6DB4021B8CE9B000D2138 /* AppDelegate.swift */,
				CBF6DB4221B8CE9B000D2138 /* ViewController.swift */,
				CBF6DB4421B8CE9B000D2138 /* Main.storyboard */,
				CBF6DB4A21B8CE9D000D2138 /* Assets.xcassets */,
				CBF6DB4C21B8CE9D000D2138 /* LaunchScreen.storyboard */,
				CBF6DB4F21B8CE9D000D2138 /* Info.plist */,
				CBF6DB4721B8CE9B000D2138 /* CoreDataDM.xcdatamodeld */,
			);
			path = CoreDataDM;
			sourceTree = "<group>";
		};
/* End PBXGroup section */

/* Begin PBXNativeTarget section */
		CBF6DB3C21B8CE9B000D2138 /* CoreDataDM */ = {
			isa = PBXNativeTarget;
			buildConfigurationList = CBF6DB5221B8CE9D000D2138 /* Build configuration list for PBXNativeTarget "CoreDataDM" */;
			buildPhases = (
				CBF6DB3921B8CE9B000D2138 /* Sources */,
				CBF6DB3A21B8CE9B000D2138 /* Frameworks */,
				CBF6DB3B21B8CE9B000D2138 /* Resources */,
			);
			buildRules = (
			);
			dependencies = (
			);
			name = CoreDataDM;
			productName = CoreDataDM;
			productReference = CBF6DB3D21B8CE9B000D2138 /* CoreDataDM.app */;
			productType = "com.apple.product-type.application";
		};
/* End PBXNativeTarget section */

/* Begin PBXProject section */
		CBF6DB3521B8CE9B000D2138 /* Project object */ = {
			isa = PBXProject;
			attributes = {
				LastSwiftUpdateCheck = 1010;
				LastUpgradeCheck = 1010;
				ORGANIZATIONNAME = vattanac;
				TargetAttributes = {
					CBF6DB3C21B8CE9B000D2138 = {
						CreatedOnToolsVersion = 10.1;
					};
				};
			};
			buildConfigurationList = CBF6DB3821B8CE9B000D2138 /* Build configuration list for PBXProject "CoreDataDM" */;
			compatibilityVersion = "Xcode 9.3";
			developmentRegion = en;
			hasScannedForEncodings = 0;
			knownRegions = (
				en,
				Base,
			);
			mainGroup = CBF6DB3421B8CE9B000D2138;
			productRefGroup = CBF6DB3E21B8CE9B000D2138 /* Products */;
			projectDirPath = "";
			projectRoot = "";
			targets = (
				CBF6DB3C21B8CE9B000D2138 /* CoreDataDM */,
			);
		};
/* End PBXProject section */

/* Begin PBXResourcesBuildPhase section */
		CBF6DB3B21B8CE9B000D2138 /* Resources */ = {
			isa = PBXResourcesBuildPhase;
			buildActionMask = 2147483647;
			files = (
				CBF6DB4E21B8CE9D000D2138 /* LaunchScreen.storyboard in Resources */,
				CBF6DB4B21B8CE9D000D2138 /* Assets.xcassets in Resources */,
				CBF6DB4621B8CE9B000D2138 /* Main.storyboard in Resources */,
			);
			runOnlyForDeploymentPostprocessing = 0;
		};
/* End PBXResourcesBuildPhase section */

/* Begin PBXSourcesBuildPhase section */
		CBF6DB3921B8CE9B000D2138 /* Sources */ = {
			isa = PBXSourcesBuildPhase;
			buildActionMask = 2147483647;
			files = (
				CBF6DB4321B8CE9B000D2138 /* ViewController.swift in Sources */,
				CBF6DB4121B8CE9B000D2138 /* AppDelegate.swift in Sources */,
				CBF6DB4921B8CE9B000D2138 /* CoreDataDM.xcdatamodeld in Sources */,
			);
			runOnlyForDeploymentPostprocessing = 0;
		};
/* End PBXSourcesBuildPhase section */

/* Begin PBXVariantGroup section */
		CBF6DB4421B8CE9B000D2138 /* Main.storyboard */ = {
			isa = PBXVariantGroup;
			children = (
				CBF6DB4521B8CE9B000D2138 /* Base */,
			);
			name = Main.storyboard;
			sourceTree = "<group>";
		};
		CBF6DB4C21B8CE9D000D2138 /* LaunchScreen.storyboard */ = {
			isa = PBXVariantGroup;
			children = (
				CBF6DB4D21B8CE9D000D2138 /* Base */,
			);
			name = LaunchScreen.storyboard;
			sourceTree = "<group>";
		};
/* End PBXVariantGroup section */

/* Begin XCBuildConfiguration section */
		CBF6DB5021B8CE9D000D2138 /* Debug */ = {
			isa = XCBuildConfiguration;
			buildSettings = {
				ALWAYS_SEARCH_USER_PATHS = NO;
				CLANG_ANALYZER_NONNULL = YES;
				CLANG_ANALYZER_NUMBER_OBJECT_CONVERSION = YES_AGGRESSIVE;
				CLANG_CXX_LANGUAGE_STANDARD = "gnu++14";
				CLANG_CXX_LIBRARY = "libc++";
				CLANG_ENABLE_MODULES = YES;
				CLANG_ENABLE_OBJC_ARC = YES;
				CLANG_ENABLE_OBJC_WEAK = YES;
				CLANG_WARN_BLOCK_CAPTURE_AUTORELEASING = YES;
				CLANG_WARN_BOOL_CONVERSION = YES;
				CLANG_WARN_COMMA = YES;
				CLANG_WARN_CONSTANT_CONVERSION = YES;
				CLANG_WARN_DEPRECATED_OBJC_IMPLEMENTATIONS = YES;
				CLANG_WARN_DIRECT_OBJC_ISA_USAGE = YES_ERROR;
				CLANG_WARN_DOCUMENTATION_COMMENTS = YES;
				CLANG_WARN_EMPTY_BODY = YES;
				CLANG_WARN_ENUM_CONVERSION = YES;
				CLANG_WARN_INFINITE_RECURSION = YES;
				CLANG_WARN_INT_CONVERSION = YES;
				CLANG_WARN_NON_LITERAL_NULL_CONVERSION = YES;
				CLANG_WARN_OBJC_IMPLICIT_RETAIN_SELF = YES;
				CLANG_WARN_OBJC_LITERAL_CONVERSION = YES;
				CLANG_WARN_OBJC_ROOT_CLASS = YES_ERROR;
				CLANG_WARN_RANGE_LOOP_ANALYSIS = YES;
				CLANG_WARN_STRICT_PROTOTYPES = YES;
				CLANG_WARN_SUSPICIOUS_MOVE = YES;
				CLANG_WARN_UNGUARDED_AVAILABILITY = YES_AGGRESSIVE;
				CLANG_WARN_UNREACHABLE_CODE = YES;
				CLANG_WARN__DUPLICATE_METHOD_MATCH = YES;
				CODE_SIGN_IDENTITY = "iPhone Developer";
				COPY_PHASE_STRIP = NO;
				DEBUG_INFORMATION_FORMAT = dwarf;
				ENABLE_STRICT_OBJC_MSGSEND = YES;
				ENABLE_TESTABILITY = YES;
				GCC_C_LANGUAGE_STANDARD = gnu11;
				GCC_DYNAMIC_NO_PIC = NO;
				GCC_NO_COMMON_BLOCKS = YES;
				GCC_OPTIMIZATION_LEVEL = 0;
				GCC_PREPROCESSOR_DEFINITIONS = (
					"DEBUG=1",
					"$(inherited)",
				);
				GCC_WARN_64_TO_32_BIT_CONVERSION = YES;
				GCC_WARN_ABOUT_RETURN_TYPE = YES_ERROR;
				GCC_WARN_UNDECLARED_SELECTOR = YES;
				GCC_WARN_UNINITIALIZED_AUTOS = YES_AGGRESSIVE;
				GCC_WARN_UNUSED_FUNCTION = YES;
				GCC_WARN_UNUSED_VARIABLE = YES;
				IPHONEOS_DEPLOYMENT_TARGET = 12.1;
				MTL_ENABLE_DEBUG_INFO = INCLUDE_SOURCE;
				MTL_FAST_MATH = YES;
				ONLY_ACTIVE_ARCH = YES;
				SDKROOT = iphoneos;
				SWIFT_ACTIVE_COMPILATION_CONDITIONS = DEBUG;
				SWIFT_OPTIMIZATION_LEVEL = "-Onone";
			};
			name = Debug;
		};
		CBF6DB5121B8CE9D000D2138 /* Release */ = {
			isa = XCBuildConfiguration;
			buildSettings = {
				ALWAYS_SEARCH_USER_PATHS = NO;
				CLANG_ANALYZER_NONNULL = YES;
				CLANG_ANALYZER_NUMBER_OBJECT_CONVERSION = YES_AGGRESSIVE;
				CLANG_CXX_LANGUAGE_STANDARD = "gnu++14";
				CLANG_CXX_LIBRARY = "libc++";
				CLANG_ENABLE_MODULES = YES;
				CLANG_ENABLE_OBJC_ARC = YES;
				CLANG_ENABLE_OBJC_WEAK = YES;
				CLANG_WARN_BLOCK_CAPTURE_AUTORELEASING = YES;
				CLANG_WARN_BOOL_CONVERSION = YES;
				CLANG_WARN_COMMA = YES;
				CLANG_WARN_CONSTANT_CONVERSION = YES;
				CLANG_WARN_DEPRECATED_OBJC_IMPLEMENTATIONS = YES;
				CLANG_WARN_DIRECT_OBJC_ISA_USAGE = YES_ERROR;
				CLANG_WARN_DOCUMENTATION_COMMENTS = YES;
				CLANG_WARN_EMPTY_BODY = YES;
				CLANG_WARN_ENUM_CONVERSION = YES;
				CLANG_WARN_INFINITE_RECURSION = YES;
				CLANG_WARN_INT_CONVERSION = YES;
				CLANG_WARN_NON_LITERAL_NULL_CONVERSION = YES;
				CLANG_WARN_OBJC_IMPLICIT_RETAIN_SELF = YES;
				CLANG_WARN_OBJC_LITERAL_CONVERSION = YES;
				CLANG_WARN_OBJC_ROOT_CLASS = YES_ERROR;
				CLANG_WARN_RANGE_LOOP_ANALYSIS = YES;
				CLANG_WARN_STRICT_PROTOTYPES = YES;
				CLANG_WARN_SUSPICIOUS_MOVE = YES;
				CLANG_WARN_UNGUARDED_AVAILABILITY = YES_AGGRESSIVE;
				CLANG_WARN_UNREACHABLE_CODE = YES;
				CLANG_WARN__DUPLICATE_METHOD_MATCH = YES;
				CODE_SIGN_IDENTITY = "iPhone Developer";
				COPY_PHASE_STRIP = NO;
				DEBUG_INFORMATION_FORMAT = "dwarf-with-dsym";
				ENABLE_NS_ASSERTIONS = NO;
				ENABLE_STRICT_OBJC_MSGSEND = YES;
				GCC_C_LANGUAGE_STANDARD = gnu11;
				GCC_NO_COMMON_BLOCKS = YES;
				GCC_WARN_64_TO_32_BIT_CONVERSION = YES;
				GCC_WARN_ABOUT_RETURN_TYPE = YES_ERROR;
				GCC_WARN_UNDECLARED_SELECTOR = YES;
				GCC_WARN_UNINITIALIZED_AUTOS = YES_AGGRESSIVE;
				GCC_WARN_UNUSED_FUNCTION = YES;
				GCC_WARN_UNUSED_VARIABLE = YES;
				IPHONEOS_DEPLOYMENT_TARGET = 12.1;
				MTL_ENABLE_DEBUG_INFO = NO;
				MTL_FAST_MATH = YES;
				SDKROOT = iphoneos;
				SWIFT_COMPILATION_MODE = wholemodule;
				SWIFT_OPTIMIZATION_LEVEL = "-O";
				VALIDATE_PRODUCT = YES;
			};
			name = Release;
		};
		CBF6DB5321B8CE9D000D2138 /* Debug */ = {
			isa = XCBuildConfiguration;
			buildSettings = {
				ASSETCATALOG_COMPILER_APPICON_NAME = AppIcon;
				CODE_SIGN_STYLE = Automatic;
				DEVELOPMENT_TEAM = SLX43TCA7R;
				INFOPLIST_FILE = CoreDataDM/Info.plist;
				LD_RUNPATH_SEARCH_PATHS = (
					"$(inherited)",
					"@executable_path/Frameworks",
				);
				PRODUCT_BUNDLE_IDENTIFIER = com.vatttanac.CoreDataDM;
				PRODUCT_NAME = "$(TARGET_NAME)";
				SWIFT_VERSION = 4.2;
				TARGETED_DEVICE_FAMILY = "1,2";
			};
			name = Debug;
		};
		CBF6DB5421B8CE9D000D2138 /* Release */ = {
			isa = XCBuildConfiguration;
			buildSettings = {
				ASSETCATALOG_COMPILER_APPICON_NAME = AppIcon;
				CODE_SIGN_STYLE = Automatic;
				DEVELOPMENT_TEAM = SLX43TCA7R;
				INFOPLIST_FILE = CoreDataDM/Info.plist;
				LD_RUNPATH_SEARCH_PATHS = (
					"$(inherited)",
					"@executable_path/Frameworks",
				);
				PRODUCT_BUNDLE_IDENTIFIER = com.vatttanac.CoreDataDM;
				PRODUCT_NAME = "$(TARGET_NAME)";
				SWIFT_VERSION = 4.2;
				TARGETED_DEVICE_FAMILY = "1,2";
			};
			name = Release;
		};
/* End XCBuildConfiguration section */

/* Begin XCConfigurationList section */
		CBF6DB3821B8CE9B000D2138 /* Build configuration list for PBXProject "CoreDataDM" */ = {
			isa = XCConfigurationList;
			buildConfigurations = (
				CBF6DB5021B8CE9D000D2138 /* Debug */,
				CBF6DB5121B8CE9D000D2138 /* Release */,
			);
			defaultConfigurationIsVisible = 0;
			defaultConfigurationName = Release;
		};
		CBF6DB5221B8CE9D000D2138 /* Build configuration list for PBXNativeTarget "CoreDataDM" */ = {
			isa = XCConfigurationList;
			buildConfigurations = (
				CBF6DB5321B8CE9D000D2138 /* Debug */,
				CBF6DB5421B8CE9D000D2138 /* Release */,
			);
			defaultConfigurationIsVisible = 0;
			defaultConfigurationName = Release;
		};
/* End XCConfigurationList section */

/* Begin XCVersionGroup section */
		CBF6DB4721B8CE9B000D2138 /* CoreDataDM.xcdatamodeld */ = {
			isa = XCVersionGroup;
			children = (
				CBF6DB4821B8CE9B000D2138 /* CoreDataDM.xcdatamodel */,
			);
			currentVersion = CBF6DB4821B8CE9B000D2138 /* CoreDataDM.xcdatamodel */;
			path = CoreDataDM.xcdatamodeld;
			sourceTree = "<group>";
			versionGroupType = wrapper.xcdatamodel;
		};
/* End XCVersionGroup section */
	};
	rootObject = CBF6DB3521B8CE9B000D2138 /* Project object */;
}
